PODS:
  - AFNetworking (2.2.4):
    - AFNetworking/NSURLConnection (= 2.2.4)
    - AFNetworking/NSURLSession (= 2.2.4)
    - AFNetworking/Reachability (= 2.2.4)
    - AFNetworking/Security (= 2.2.4)
    - AFNetworking/Serialization (= 2.2.4)
    - AFNetworking/UIKit (= 2.2.4)
  - AFNetworking/NSURLConnection (2.2.4):
    - AFNetworking/Reachability
    - AFNetworking/Security
    - AFNetworking/Serialization
  - AFNetworking/NSURLSession (2.2.4):
    - AFNetworking/NSURLConnection
  - AFNetworking/Reachability (2.2.4)
  - AFNetworking/Security (2.2.4)
  - AFNetworking/Serialization (2.2.4)
  - AFNetworking/UIKit (2.2.4):
    - AFNetworking/NSURLConnection
    - AFNetworking/NSURLSession
  - dailymotion-player-objc (2.9.0)
  - Google-Mobile-Ads-SDK (6.9.2)
  - MagicalRecord (2.2):
    - MagicalRecord/Core (= 2.2)
  - MagicalRecord/Core (2.2)
  - SVProgressHUD (1.0)
  - XCDYouTubeVideoPlayerViewController (1.1.2)

DEPENDENCIES:
  - AFNetworking (~> 2.2)
  - dailymotion-player-objc (~> 2.9)
  - Google-Mobile-Ads-SDK (~> 6.9.2)
  - MagicalRecord (~> 2.2)
  - SVProgressHUD (~> 1.0)
  - XCDYouTubeVideoPlayerViewController (~> 1.1)

SPEC CHECKSUMS:
  AFNetworking: caca0799b310f0c3bf1fc1af45145fc96972bcab
  dailymotion-player-objc: e5c6b6e3a1f84f24241b793a678a6ee07297e8d0
  Google-Mobile-Ads-SDK: c260aeff59be1eecdaa5e57f26e6699a3ecbc50e
  MagicalRecord: f8a56bb87ab6552f20c4bb8681a1958a197ea3cd
  SVProgressHUD: 46088807596a795cbcb4affd92cf3f13b6ab3dda
  XCDYouTubeVideoPlayerViewController: 6109df71b5976a3c142ffb4a266448c77f60f94d

COCOAPODS: 0.38.2
