// !$*UTF8*$!
{
	archiveVersion = 1;
	classes = {
	};
	objectVersion = 46;
	objects = {

/* Begin PBXBuildFile section */
		42AE1B28194B8FB600F2CC2A /* Security.framework in Frameworks */ = {isa = PBXBuildFile; fileRef = 42AE1B27194B8FB600F2CC2A /* Security.framework */; };
		42B84198194DFD320014B1E0 /* DailymotionSDK.framework in Frameworks */ = {isa = PBXBuildFile; fileRef = 42B84197194DFD320014B1E0 /* DailymotionSDK.framework */; };
		42B84199194DFD330014B1E0 /* DailymotionSDK.framework in Frameworks */ = {isa = PBXBuildFile; fileRef = 42B84197194DFD320014B1E0 /* DailymotionSDK.framework */; };
		42C70C0E193CBE3500736BCF /* icon -114.png in Resources */ = {isa = PBXBuildFile; fileRef = 42C70BFF193CBE3500736BCF /* icon -114.png */; };
		42C70C0F193CBE3500736BCF /* icon-29.png in Resources */ = {isa = PBXBuildFile; fileRef = 42C70C00193CBE3500736BCF /* icon-29.png */; };
		42C70C10193CBE3500736BCF /* icon-40.png in Resources */ = {isa = PBXBuildFile; fileRef = 42C70C01193CBE3500736BCF /* icon-40.png */; };
		42C70C11193CBE3500736BCF /* icon-50.png in Resources */ = {isa = PBXBuildFile; fileRef = 42C70C02193CBE3500736BCF /* icon-50.png */; };
		42C70C12193CBE3500736BCF /* icon-57.png in Resources */ = {isa = PBXBuildFile; fileRef = 42C70C03193CBE3500736BCF /* icon-57.png */; };
		42C70C13193CBE3500736BCF /* icon-58.png in Resources */ = {isa = PBXBuildFile; fileRef = 42C70C04193CBE3500736BCF /* icon-58.png */; };
		42C70C14193CBE3500736BCF /* icon-72.png in Resources */ = {isa = PBXBuildFile; fileRef = 42C70C05193CBE3500736BCF /* icon-72.png */; };
		42C70C15193CBE3500736BCF /* icon-76.png in Resources */ = {isa = PBXBuildFile; fileRef = 42C70C06193CBE3500736BCF /* icon-76.png */; };
		42C70C16193CBE3500736BCF /* icon-80.png in Resources */ = {isa = PBXBuildFile; fileRef = 42C70C07193CBE3500736BCF /* icon-80.png */; };
		42C70C17193CBE3500736BCF /* icon-100.png in Resources */ = {isa = PBXBuildFile; fileRef = 42C70C08193CBE3500736BCF /* icon-100.png */; };
		42C70C18193CBE3500736BCF /* icon-120.png in Resources */ = {isa = PBXBuildFile; fileRef = 42C70C09193CBE3500736BCF /* icon-120.png */; };
		42C70C19193CBE3500736BCF /* icon-144.png in Resources */ = {isa = PBXBuildFile; fileRef = 42C70C0A193CBE3500736BCF /* icon-144.png */; };
		42C70C1A193CBE3500736BCF /* icon-152.png in Resources */ = {isa = PBXBuildFile; fileRef = 42C70C0B193CBE3500736BCF /* icon-152.png */; };
		42C70C1B193CBE3500736BCF /* iTunesArtwork.png in Resources */ = {isa = PBXBuildFile; fileRef = 42C70C0C193CBE3500736BCF /* iTunesArtwork.png */; };
		42C70C1C193CBE3500736BCF /* iTunesArtwork@2x.png in Resources */ = {isa = PBXBuildFile; fileRef = 42C70C0D193CBE3500736BCF /* iTunesArtwork@2x.png */; };
		5C3B4106D7DC496FBEFCBD72 /* libPods.a in Frameworks */ = {isa = PBXBuildFile; fileRef = 5573354A75464195829BDB84 /* libPods.a */; };
		DE1B5B3A194AED3400A4B5D9 /* libGoogleAnalyticsServices.a in Frameworks */ = {isa = PBXBuildFile; fileRef = DE1B5B39194AED3400A4B5D9 /* libGoogleAnalyticsServices.a */; };
		DE1B5B3B194AED9800A4B5D9 /* AdSupport.framework in Frameworks */ = {isa = PBXBuildFile; fileRef = DE04E6A8194AE52000BD30BC /* AdSupport.framework */; };
		DE1B5B3C194AEDA400A4B5D9 /* libz.dylib in Frameworks */ = {isa = PBXBuildFile; fileRef = DE04E6A6194AE50300BD30BC /* libz.dylib */; };
		DE1B5B3E194AEE2900A4B5D9 /* libsqlite3.dylib in Frameworks */ = {isa = PBXBuildFile; fileRef = DE1B5B3D194AEE2900A4B5D9 /* libsqlite3.dylib */; };
		DE1B5B41194B0EA000A4B5D9 /* icon_default.png in Resources */ = {isa = PBXBuildFile; fileRef = DE1B5B3F194B0EA000A4B5D9 /* icon_default.png */; };
		DE1B5B42194B0EA000A4B5D9 /* icon_default@2x.png in Resources */ = {isa = PBXBuildFile; fileRef = DE1B5B40194B0EA000A4B5D9 /* icon_default@2x.png */; };
		DE22E7B9192F54180005E685 /* Foundation.framework in Frameworks */ = {isa = PBXBuildFile; fileRef = DE22E7B8192F54180005E685 /* Foundation.framework */; };
		DE22E7BB192F54180005E685 /* CoreGraphics.framework in Frameworks */ = {isa = PBXBuildFile; fileRef = DE22E7BA192F54180005E685 /* CoreGraphics.framework */; };
		DE22E7BD192F54180005E685 /* UIKit.framework in Frameworks */ = {isa = PBXBuildFile; fileRef = DE22E7BC192F54180005E685 /* UIKit.framework */; };
		DE22E7C3192F54180005E685 /* InfoPlist.strings in Resources */ = {isa = PBXBuildFile; fileRef = DE22E7C1192F54180005E685 /* InfoPlist.strings */; };
		DE22E7C5192F54180005E685 /* main.m in Sources */ = {isa = PBXBuildFile; fileRef = DE22E7C4192F54180005E685 /* main.m */; };
		DE22E7C9192F54180005E685 /* AppDelegate.m in Sources */ = {isa = PBXBuildFile; fileRef = DE22E7C8192F54180005E685 /* AppDelegate.m */; };
		DE22E7CB192F54180005E685 /* Images.xcassets in Resources */ = {isa = PBXBuildFile; fileRef = DE22E7CA192F54180005E685 /* Images.xcassets */; };
		DE22E7D2192F54180005E685 /* XCTest.framework in Frameworks */ = {isa = PBXBuildFile; fileRef = DE22E7D1192F54180005E685 /* XCTest.framework */; };
		DE22E7D3192F54180005E685 /* Foundation.framework in Frameworks */ = {isa = PBXBuildFile; fileRef = DE22E7B8192F54180005E685 /* Foundation.framework */; };
		DE22E7D4192F54180005E685 /* UIKit.framework in Frameworks */ = {isa = PBXBuildFile; fileRef = DE22E7BC192F54180005E685 /* UIKit.framework */; };
		DE22E7DC192F54180005E685 /* InfoPlist.strings in Resources */ = {isa = PBXBuildFile; fileRef = DE22E7DA192F54180005E685 /* InfoPlist.strings */; };
		DE22E7DE192F54180005E685 /* MyRssReaderTests.m in Sources */ = {isa = PBXBuildFile; fileRef = DE22E7DD192F54180005E685 /* MyRssReaderTests.m */; };
		DE22E7EA192F5C410005E685 /* HomeViewController.m in Sources */ = {isa = PBXBuildFile; fileRef = DE22E7E8192F5C410005E685 /* HomeViewController.m */; };
		DE22E7EB192F5C410005E685 /* HomeViewController.xib in Resources */ = {isa = PBXBuildFile; fileRef = DE22E7E9192F5C410005E685 /* HomeViewController.xib */; };
		DE22E7EF192F5D230005E685 /* RssListViewController.m in Sources */ = {isa = PBXBuildFile; fileRef = DE22E7ED192F5D230005E685 /* RssListViewController.m */; };
		DE22E7F0192F5D230005E685 /* RssListViewController.xib in Resources */ = {isa = PBXBuildFile; fileRef = DE22E7EE192F5D230005E685 /* RssListViewController.xib */; };
		DE22E7F4192F5D360005E685 /* ManageRssViewController.m in Sources */ = {isa = PBXBuildFile; fileRef = DE22E7F2192F5D360005E685 /* ManageRssViewController.m */; };
		DE22E7F5192F5D360005E685 /* ManageRssViewController.xib in Resources */ = {isa = PBXBuildFile; fileRef = DE22E7F3192F5D360005E685 /* ManageRssViewController.xib */; };
		DE22E7F9192F5E4D0005E685 /* BookmarkViewController.m in Sources */ = {isa = PBXBuildFile; fileRef = DE22E7F7192F5E4D0005E685 /* BookmarkViewController.m */; };
		DE22E7FA192F5E4D0005E685 /* BookmarkViewController.xib in Resources */ = {isa = PBXBuildFile; fileRef = DE22E7F8192F5E4D0005E685 /* BookmarkViewController.xib */; };
		DE4303E0193878F4008A42A4 /* TempRss.m in Sources */ = {isa = PBXBuildFile; fileRef = DE4303DF193878F4008A42A4 /* TempRss.m */; };
		DE4303E319387924008A42A4 /* TempNode.m in Sources */ = {isa = PBXBuildFile; fileRef = DE4303E219387924008A42A4 /* TempNode.m */; };
		DE7B3069193C377600B749D0 /* Rss.m in Sources */ = {isa = PBXBuildFile; fileRef = DE7B3068193C377600B749D0 /* Rss.m */; };
		DE7B306C193C377700B749D0 /* Node.m in Sources */ = {isa = PBXBuildFile; fileRef = DE7B306B193C377700B749D0 /* Node.m */; };
		DE7F39A81935DCC900C7C143 /* NSString+MD5.m in Sources */ = {isa = PBXBuildFile; fileRef = DE7F39A71935DCC900C7C143 /* NSString+MD5.m */; };
		DE7F39AB1935E27700C7C143 /* NSMutableURLRequest+Helper.m in Sources */ = {isa = PBXBuildFile; fileRef = DE7F39AA1935E27700C7C143 /* NSMutableURLRequest+Helper.m */; };
		DE9D4553193C57000006047E /* Default-568h@2x.png in Resources */ = {isa = PBXBuildFile; fileRef = DE9D4550193C57000006047E /* Default-568h@2x.png */; };
		DE9D4554193C57000006047E /* Default.png in Resources */ = {isa = PBXBuildFile; fileRef = DE9D4551193C57000006047E /* Default.png */; };
		DE9D4555193C57000006047E /* Default@2x.png in Resources */ = {isa = PBXBuildFile; fileRef = DE9D4552193C57000006047E /* Default@2x.png */; };
		DEB54D6C19331FA800EC589E /* NodeListViewController.m in Sources */ = {isa = PBXBuildFile; fileRef = DEB54D6A19331FA800EC589E /* NodeListViewController.m */; };
		DEB54D6D19331FA800EC589E /* NodeListViewController.xib in Resources */ = {isa = PBXBuildFile; fileRef = DEB54D6B19331FA800EC589E /* NodeListViewController.xib */; };
		DEB54D711933333A00EC589E /* NodeListCustomCell.m in Sources */ = {isa = PBXBuildFile; fileRef = DEB54D6F1933333A00EC589E /* NodeListCustomCell.m */; };
		DEB54D721933333A00EC589E /* NodeListCustomCell.xib in Resources */ = {isa = PBXBuildFile; fileRef = DEB54D701933333A00EC589E /* NodeListCustomCell.xib */; };
		DEB54D761933345000EC589E /* default_rss_img.png in Resources */ = {isa = PBXBuildFile; fileRef = DEB54D741933345000EC589E /* default_rss_img.png */; };
		DEB54D771933345000EC589E /* default_rss_img@2x.png in Resources */ = {isa = PBXBuildFile; fileRef = DEB54D751933345000EC589E /* default_rss_img@2x.png */; };
		DEB54D7C193336BE00EC589E /* rate_star_0.png in Resources */ = {isa = PBXBuildFile; fileRef = DEB54D78193336BE00EC589E /* rate_star_0.png */; };
		DEB54D7D193336BE00EC589E /* rate_star_0@2x.png in Resources */ = {isa = PBXBuildFile; fileRef = DEB54D79193336BE00EC589E /* rate_star_0@2x.png */; };
		DEB54D7E193336BE00EC589E /* rate_star_1.png in Resources */ = {isa = PBXBuildFile; fileRef = DEB54D7A193336BE00EC589E /* rate_star_1.png */; };
		DEB54D7F193336BE00EC589E /* rate_star_1@2x.png in Resources */ = {isa = PBXBuildFile; fileRef = DEB54D7B193336BE00EC589E /* rate_star_1@2x.png */; };
		DEB54D83193337B200EC589E /* WebViewViewController.m in Sources */ = {isa = PBXBuildFile; fileRef = DEB54D81193337B200EC589E /* WebViewViewController.m */; };
		DEB54D84193337B200EC589E /* WebViewViewController.xib in Resources */ = {isa = PBXBuildFile; fileRef = DEB54D82193337B200EC589E /* WebViewViewController.xib */; };
		DEB54D8719333CB200EC589E /* MediaPlayer.framework in Frameworks */ = {isa = PBXBuildFile; fileRef = DEB54D8619333CB200EC589E /* MediaPlayer.framework */; };
		DEB5F0DA1932D7DA008922E5 /* UIViewController+Helper.m in Sources */ = {isa = PBXBuildFile; fileRef = DEB5F0D91932D7DA008922E5 /* UIViewController+Helper.m */; };
		DEB5F0DD1932D854008922E5 /* Categories.m in Sources */ = {isa = PBXBuildFile; fileRef = DEB5F0DC1932D854008922E5 /* Categories.m */; };
		DEB5F0E11932FB11008922E5 /* Model.xcdatamodeld in Sources */ = {isa = PBXBuildFile; fileRef = DEB5F0DF1932FB11008922E5 /* Model.xcdatamodeld */; };
		DEB7BF2C19458DE700BF350D /* NSString+Helper.m in Sources */ = {isa = PBXBuildFile; fileRef = DEB7BF2B19458DE700BF350D /* NSString+Helper.m */; };
		DEC5DD1F19357EDC0088A62F /* ic_home_press@2x.png in Resources */ = {isa = PBXBuildFile; fileRef = DEC5DD0F19357EDC0088A62F /* ic_home_press@2x.png */; };
		DEC5DD2019357EDC0088A62F /* ic_home_press.png in Resources */ = {isa = PBXBuildFile; fileRef = DEC5DD1019357EDC0088A62F /* ic_home_press.png */; };
		DEC5DD2119357EDC0088A62F /* ic_home_normal@2x.png in Resources */ = {isa = PBXBuildFile; fileRef = DEC5DD1119357EDC0088A62F /* ic_home_normal@2x.png */; };
		DEC5DD2219357EDC0088A62F /* ic_home_normal.png in Resources */ = {isa = PBXBuildFile; fileRef = DEC5DD1219357EDC0088A62F /* ic_home_normal.png */; };
		DEC5DD2319357EDC0088A62F /* ic_favorites_press@2x.png in Resources */ = {isa = PBXBuildFile; fileRef = DEC5DD1319357EDC0088A62F /* ic_favorites_press@2x.png */; };
		DEC5DD2419357EDC0088A62F /* ic_favorites_press.png in Resources */ = {isa = PBXBuildFile; fileRef = DEC5DD1419357EDC0088A62F /* ic_favorites_press.png */; };
		DEC5DD2519357EDC0088A62F /* ic_favorites_normal@2x.png in Resources */ = {isa = PBXBuildFile; fileRef = DEC5DD1519357EDC0088A62F /* ic_favorites_normal@2x.png */; };
		DEC5DD2619357EDC0088A62F /* ic_favorites_normal.png in Resources */ = {isa = PBXBuildFile; fileRef = DEC5DD1619357EDC0088A62F /* ic_favorites_normal.png */; };
		DEC5DD2719357EDC0088A62F /* ic_channel_press@2x.png in Resources */ = {isa = PBXBuildFile; fileRef = DEC5DD1719357EDC0088A62F /* ic_channel_press@2x.png */; };
		DEC5DD2819357EDC0088A62F /* ic_channel_press.png in Resources */ = {isa = PBXBuildFile; fileRef = DEC5DD1819357EDC0088A62F /* ic_channel_press.png */; };
		DEC5DD2919357EDC0088A62F /* ic_channel_normal@2x.png in Resources */ = {isa = PBXBuildFile; fileRef = DEC5DD1919357EDC0088A62F /* ic_channel_normal@2x.png */; };
		DEC5DD2A19357EDC0088A62F /* ic_channel_normal.png in Resources */ = {isa = PBXBuildFile; fileRef = DEC5DD1A19357EDC0088A62F /* ic_channel_normal.png */; };
		DEC5DD2B19357EDC0088A62F /* ic_about_press@2x.png in Resources */ = {isa = PBXBuildFile; fileRef = DEC5DD1B19357EDC0088A62F /* ic_about_press@2x.png */; };
		DEC5DD2C19357EDC0088A62F /* ic_about_press.png in Resources */ = {isa = PBXBuildFile; fileRef = DEC5DD1C19357EDC0088A62F /* ic_about_press.png */; };
		DEC5DD2D19357EDC0088A62F /* ic_about_normal@2x.png in Resources */ = {isa = PBXBuildFile; fileRef = DEC5DD1D19357EDC0088A62F /* ic_about_normal@2x.png */; };
		DEC5DD2E19357EDC0088A62F /* ic_about_normal.png in Resources */ = {isa = PBXBuildFile; fileRef = DEC5DD1E19357EDC0088A62F /* ic_about_normal.png */; };
		DEC5DD3E19359A560088A62F /* BaseViewController.m in Sources */ = {isa = PBXBuildFile; fileRef = DEC5DD3C19359A560088A62F /* BaseViewController.m */; };
		DEC5DD3F19359A560088A62F /* BaseViewController.xib in Resources */ = {isa = PBXBuildFile; fileRef = DEC5DD3D19359A560088A62F /* BaseViewController.xib */; };
		DEF49610193431A800DD482D /* AboutViewController.m in Sources */ = {isa = PBXBuildFile; fileRef = DEF4960E193431A800DD482D /* AboutViewController.m */; };
		DEF49611193431A800DD482D /* AboutViewController.xib in Resources */ = {isa = PBXBuildFile; fileRef = DEF4960F193431A800DD482D /* AboutViewController.xib */; };
		DEF496161934349F00DD482D /* Reachability.m in Sources */ = {isa = PBXBuildFile; fileRef = DEF496151934349F00DD482D /* Reachability.m */; };
		DEF49619193435FD00DD482D /* NSUserDefaults+Helper.m in Sources */ = {isa = PBXBuildFile; fileRef = DEF49618193435FD00DD482D /* NSUserDefaults+Helper.m */; };
		DEF4961C1934376700DD482D /* UIAlertView+Helper.m in Sources */ = {isa = PBXBuildFile; fileRef = DEF4961B1934376700DD482D /* UIAlertView+Helper.m */; };
		DEF4961F1934385200DD482D /* Constant.m in Sources */ = {isa = PBXBuildFile; fileRef = DEF4961E1934385200DD482D /* Constant.m */; };
		DEF496591934A24C00DD482D /* BookmarkCustomCell.m in Sources */ = {isa = PBXBuildFile; fileRef = DEF496571934A24C00DD482D /* BookmarkCustomCell.m */; };
		DEF4965A1934A24C00DD482D /* BookmarkCustomCell.xib in Resources */ = {isa = PBXBuildFile; fileRef = DEF496581934A24C00DD482D /* BookmarkCustomCell.xib */; };
/* End PBXBuildFile section */

/* Begin PBXContainerItemProxy section */
		DE22E7D5192F54180005E685 /* PBXContainerItemProxy */ = {
			isa = PBXContainerItemProxy;
			containerPortal = DE22E7AD192F54180005E685 /* Project object */;
			proxyType = 1;
			remoteGlobalIDString = DE22E7B4192F54180005E685;
			remoteInfo = MyRssReader;
		};
/* End PBXContainerItemProxy section */

/* Begin PBXFileReference section */
		42AE1B27194B8FB600F2CC2A /* Security.framework */ = {isa = PBXFileReference; lastKnownFileType = wrapper.framework; name = Security.framework; path = System/Library/Frameworks/Security.framework; sourceTree = SDKROOT; };
		42B84197194DFD320014B1E0 /* DailymotionSDK.framework */ = {isa = PBXFileReference; lastKnownFileType = wrapper.framework; path = DailymotionSDK.framework; sourceTree = "<group>"; };
		42C70BFF193CBE3500736BCF /* icon -114.png */ = {isa = PBXFileReference; lastKnownFileType = image.png; path = "icon -114.png"; sourceTree = "<group>"; };
		42C70C00193CBE3500736BCF /* icon-29.png */ = {isa = PBXFileReference; lastKnownFileType = image.png; path = "icon-29.png"; sourceTree = "<group>"; };
		42C70C01193CBE3500736BCF /* icon-40.png */ = {isa = PBXFileReference; lastKnownFileType = image.png; path = "icon-40.png"; sourceTree = "<group>"; };
		42C70C02193CBE3500736BCF /* icon-50.png */ = {isa = PBXFileReference; lastKnownFileType = image.png; path = "icon-50.png"; sourceTree = "<group>"; };
		42C70C03193CBE3500736BCF /* icon-57.png */ = {isa = PBXFileReference; lastKnownFileType = image.png; path = "icon-57.png"; sourceTree = "<group>"; };
		42C70C04193CBE3500736BCF /* icon-58.png */ = {isa = PBXFileReference; lastKnownFileType = image.png; path = "icon-58.png"; sourceTree = "<group>"; };
		42C70C05193CBE3500736BCF /* icon-72.png */ = {isa = PBXFileReference; lastKnownFileType = image.png; path = "icon-72.png"; sourceTree = "<group>"; };
		42C70C06193CBE3500736BCF /* icon-76.png */ = {isa = PBXFileReference; lastKnownFileType = image.png; path = "icon-76.png"; sourceTree = "<group>"; };
		42C70C07193CBE3500736BCF /* icon-80.png */ = {isa = PBXFileReference; lastKnownFileType = image.png; path = "icon-80.png"; sourceTree = "<group>"; };
		42C70C08193CBE3500736BCF /* icon-100.png */ = {isa = PBXFileReference; lastKnownFileType = image.png; path = "icon-100.png"; sourceTree = "<group>"; };
		42C70C09193CBE3500736BCF /* icon-120.png */ = {isa = PBXFileReference; lastKnownFileType = image.png; path = "icon-120.png"; sourceTree = "<group>"; };
		42C70C0A193CBE3500736BCF /* icon-144.png */ = {isa = PBXFileReference; lastKnownFileType = image.png; path = "icon-144.png"; sourceTree = "<group>"; };
		42C70C0B193CBE3500736BCF /* icon-152.png */ = {isa = PBXFileReference; lastKnownFileType = image.png; path = "icon-152.png"; sourceTree = "<group>"; };
		42C70C0C193CBE3500736BCF /* iTunesArtwork.png */ = {isa = PBXFileReference; lastKnownFileType = image.png; path = iTunesArtwork.png; sourceTree = "<group>"; };
		42C70C0D193CBE3500736BCF /* iTunesArtwork@2x.png */ = {isa = PBXFileReference; lastKnownFileType = image.png; path = "iTunesArtwork@2x.png"; sourceTree = "<group>"; };
		5573354A75464195829BDB84 /* libPods.a */ = {isa = PBXFileReference; explicitFileType = archive.ar; includeInIndex = 0; path = libPods.a; sourceTree = BUILT_PRODUCTS_DIR; };
		69548C345766444AA82624A5 /* Pods.xcconfig */ = {isa = PBXFileReference; includeInIndex = 1; lastKnownFileType = text.xcconfig; name = Pods.xcconfig; path = Pods/Pods.xcconfig; sourceTree = "<group>"; };
		DE04E6A6194AE50300BD30BC /* libz.dylib */ = {isa = PBXFileReference; lastKnownFileType = "compiled.mach-o.dylib"; name = libz.dylib; path = usr/lib/libz.dylib; sourceTree = SDKROOT; };
		DE04E6A8194AE52000BD30BC /* AdSupport.framework */ = {isa = PBXFileReference; lastKnownFileType = wrapper.framework; name = AdSupport.framework; path = System/Library/Frameworks/AdSupport.framework; sourceTree = SDKROOT; };
		DE1B5B33194AED3400A4B5D9 /* GAI.h */ = {isa = PBXFileReference; fileEncoding = 4; lastKnownFileType = sourcecode.c.h; path = GAI.h; sourceTree = "<group>"; };
		DE1B5B34194AED3400A4B5D9 /* GAIDictionaryBuilder.h */ = {isa = PBXFileReference; fileEncoding = 4; lastKnownFileType = sourcecode.c.h; path = GAIDictionaryBuilder.h; sourceTree = "<group>"; };
		DE1B5B35194AED3400A4B5D9 /* GAIFields.h */ = {isa = PBXFileReference; fileEncoding = 4; lastKnownFileType = sourcecode.c.h; path = GAIFields.h; sourceTree = "<group>"; };
		DE1B5B36194AED3400A4B5D9 /* GAILogger.h */ = {isa = PBXFileReference; fileEncoding = 4; lastKnownFileType = sourcecode.c.h; path = GAILogger.h; sourceTree = "<group>"; };
		DE1B5B37194AED3400A4B5D9 /* GAITrackedViewController.h */ = {isa = PBXFileReference; fileEncoding = 4; lastKnownFileType = sourcecode.c.h; path = GAITrackedViewController.h; sourceTree = "<group>"; };
		DE1B5B38194AED3400A4B5D9 /* GAITracker.h */ = {isa = PBXFileReference; fileEncoding = 4; lastKnownFileType = sourcecode.c.h; path = GAITracker.h; sourceTree = "<group>"; };
		DE1B5B39194AED3400A4B5D9 /* libGoogleAnalyticsServices.a */ = {isa = PBXFileReference; lastKnownFileType = archive.ar; path = libGoogleAnalyticsServices.a; sourceTree = "<group>"; };
		DE1B5B3D194AEE2900A4B5D9 /* libsqlite3.dylib */ = {isa = PBXFileReference; lastKnownFileType = "compiled.mach-o.dylib"; name = libsqlite3.dylib; path = usr/lib/libsqlite3.dylib; sourceTree = SDKROOT; };
		DE1B5B3F194B0EA000A4B5D9 /* icon_default.png */ = {isa = PBXFileReference; lastKnownFileType = image.png; path = icon_default.png; sourceTree = "<group>"; };
		DE1B5B40194B0EA000A4B5D9 /* icon_default@2x.png */ = {isa = PBXFileReference; lastKnownFileType = image.png; path = "icon_default@2x.png"; sourceTree = "<group>"; };
		DE22E7B5192F54180005E685 /* Rss Video Player.app */ = {isa = PBXFileReference; explicitFileType = wrapper.application; includeInIndex = 0; path = "Rss Video Player.app"; sourceTree = BUILT_PRODUCTS_DIR; };
		DE22E7B8192F54180005E685 /* Foundation.framework */ = {isa = PBXFileReference; lastKnownFileType = wrapper.framework; name = Foundation.framework; path = System/Library/Frameworks/Foundation.framework; sourceTree = SDKROOT; };
		DE22E7BA192F54180005E685 /* CoreGraphics.framework */ = {isa = PBXFileReference; lastKnownFileType = wrapper.framework; name = CoreGraphics.framework; path = System/Library/Frameworks/CoreGraphics.framework; sourceTree = SDKROOT; };
		DE22E7BC192F54180005E685 /* UIKit.framework */ = {isa = PBXFileReference; lastKnownFileType = wrapper.framework; name = UIKit.framework; path = System/Library/Frameworks/UIKit.framework; sourceTree = SDKROOT; };
		DE22E7C0192F54180005E685 /* MyRssReader-Info.plist */ = {isa = PBXFileReference; lastKnownFileType = text.plist.xml; path = "MyRssReader-Info.plist"; sourceTree = "<group>"; };
		DE22E7C2192F54180005E685 /* en */ = {isa = PBXFileReference; lastKnownFileType = text.plist.strings; name = en; path = en.lproj/InfoPlist.strings; sourceTree = "<group>"; };
		DE22E7C4192F54180005E685 /* main.m */ = {isa = PBXFileReference; lastKnownFileType = sourcecode.c.objc; path = main.m; sourceTree = "<group>"; };
		DE22E7C6192F54180005E685 /* MyRssReader-Prefix.pch */ = {isa = PBXFileReference; lastKnownFileType = sourcecode.c.h; path = "MyRssReader-Prefix.pch"; sourceTree = "<group>"; };
		DE22E7C7192F54180005E685 /* AppDelegate.h */ = {isa = PBXFileReference; lastKnownFileType = sourcecode.c.h; path = AppDelegate.h; sourceTree = "<group>"; };
		DE22E7C8192F54180005E685 /* AppDelegate.m */ = {isa = PBXFileReference; lastKnownFileType = sourcecode.c.objc; path = AppDelegate.m; sourceTree = "<group>"; };
		DE22E7CA192F54180005E685 /* Images.xcassets */ = {isa = PBXFileReference; lastKnownFileType = folder.assetcatalog; path = Images.xcassets; sourceTree = "<group>"; };
		DE22E7D0192F54180005E685 /* MyRssReaderTests.xctest */ = {isa = PBXFileReference; explicitFileType = wrapper.cfbundle; includeInIndex = 0; path = MyRssReaderTests.xctest; sourceTree = BUILT_PRODUCTS_DIR; };
		DE22E7D1192F54180005E685 /* XCTest.framework */ = {isa = PBXFileReference; lastKnownFileType = wrapper.framework; name = XCTest.framework; path = Library/Frameworks/XCTest.framework; sourceTree = DEVELOPER_DIR; };
		DE22E7D9192F54180005E685 /* MyRssReaderTests-Info.plist */ = {isa = PBXFileReference; lastKnownFileType = text.plist.xml; path = "MyRssReaderTests-Info.plist"; sourceTree = "<group>"; };
		DE22E7DB192F54180005E685 /* en */ = {isa = PBXFileReference; lastKnownFileType = text.plist.strings; name = en; path = en.lproj/InfoPlist.strings; sourceTree = "<group>"; };
		DE22E7DD192F54180005E685 /* MyRssReaderTests.m */ = {isa = PBXFileReference; lastKnownFileType = sourcecode.c.objc; path = MyRssReaderTests.m; sourceTree = "<group>"; };
		DE22E7E7192F5C410005E685 /* HomeViewController.h */ = {isa = PBXFileReference; fileEncoding = 4; lastKnownFileType = sourcecode.c.h; path = HomeViewController.h; sourceTree = "<group>"; };
		DE22E7E8192F5C410005E685 /* HomeViewController.m */ = {isa = PBXFileReference; fileEncoding = 4; lastKnownFileType = sourcecode.c.objc; path = HomeViewController.m; sourceTree = "<group>"; };
		DE22E7E9192F5C410005E685 /* HomeViewController.xib */ = {isa = PBXFileReference; fileEncoding = 4; lastKnownFileType = file.xib; path = HomeViewController.xib; sourceTree = "<group>"; };
		DE22E7EC192F5D230005E685 /* RssListViewController.h */ = {isa = PBXFileReference; fileEncoding = 4; lastKnownFileType = sourcecode.c.h; path = RssListViewController.h; sourceTree = "<group>"; };
		DE22E7ED192F5D230005E685 /* RssListViewController.m */ = {isa = PBXFileReference; fileEncoding = 4; lastKnownFileType = sourcecode.c.objc; path = RssListViewController.m; sourceTree = "<group>"; };
		DE22E7EE192F5D230005E685 /* RssListViewController.xib */ = {isa = PBXFileReference; fileEncoding = 4; lastKnownFileType = file.xib; path = RssListViewController.xib; sourceTree = "<group>"; };
		DE22E7F1192F5D360005E685 /* ManageRssViewController.h */ = {isa = PBXFileReference; fileEncoding = 4; lastKnownFileType = sourcecode.c.h; path = ManageRssViewController.h; sourceTree = "<group>"; };
		DE22E7F2192F5D360005E685 /* ManageRssViewController.m */ = {isa = PBXFileReference; fileEncoding = 4; lastKnownFileType = sourcecode.c.objc; path = ManageRssViewController.m; sourceTree = "<group>"; };
		DE22E7F3192F5D360005E685 /* ManageRssViewController.xib */ = {isa = PBXFileReference; fileEncoding = 4; lastKnownFileType = file.xib; path = ManageRssViewController.xib; sourceTree = "<group>"; };
		DE22E7F6192F5E4D0005E685 /* BookmarkViewController.h */ = {isa = PBXFileReference; fileEncoding = 4; lastKnownFileType = sourcecode.c.h; path = BookmarkViewController.h; sourceTree = "<group>"; };
		DE22E7F7192F5E4D0005E685 /* BookmarkViewController.m */ = {isa = PBXFileReference; fileEncoding = 4; lastKnownFileType = sourcecode.c.objc; path = BookmarkViewController.m; sourceTree = "<group>"; };
		DE22E7F8192F5E4D0005E685 /* BookmarkViewController.xib */ = {isa = PBXFileReference; fileEncoding = 4; lastKnownFileType = file.xib; path = BookmarkViewController.xib; sourceTree = "<group>"; };
		DE4303DE193878F4008A42A4 /* TempRss.h */ = {isa = PBXFileReference; fileEncoding = 4; lastKnownFileType = sourcecode.c.h; path = TempRss.h; sourceTree = "<group>"; };
		DE4303DF193878F4008A42A4 /* TempRss.m */ = {isa = PBXFileReference; fileEncoding = 4; lastKnownFileType = sourcecode.c.objc; path = TempRss.m; sourceTree = "<group>"; };
		DE4303E119387924008A42A4 /* TempNode.h */ = {isa = PBXFileReference; fileEncoding = 4; lastKnownFileType = sourcecode.c.h; path = TempNode.h; sourceTree = "<group>"; };
		DE4303E219387924008A42A4 /* TempNode.m */ = {isa = PBXFileReference; fileEncoding = 4; lastKnownFileType = sourcecode.c.objc; path = TempNode.m; sourceTree = "<group>"; };
		DE7B3067193C377600B749D0 /* Rss.h */ = {isa = PBXFileReference; fileEncoding = 4; lastKnownFileType = sourcecode.c.h; path = Rss.h; sourceTree = "<group>"; };
		DE7B3068193C377600B749D0 /* Rss.m */ = {isa = PBXFileReference; fileEncoding = 4; lastKnownFileType = sourcecode.c.objc; path = Rss.m; sourceTree = "<group>"; };
		DE7B306A193C377700B749D0 /* Node.h */ = {isa = PBXFileReference; fileEncoding = 4; lastKnownFileType = sourcecode.c.h; path = Node.h; sourceTree = "<group>"; };
		DE7B306B193C377700B749D0 /* Node.m */ = {isa = PBXFileReference; fileEncoding = 4; lastKnownFileType = sourcecode.c.objc; path = Node.m; sourceTree = "<group>"; };
		DE7F39A61935DCC900C7C143 /* NSString+MD5.h */ = {isa = PBXFileReference; fileEncoding = 4; lastKnownFileType = sourcecode.c.h; path = "NSString+MD5.h"; sourceTree = "<group>"; };
		DE7F39A71935DCC900C7C143 /* NSString+MD5.m */ = {isa = PBXFileReference; fileEncoding = 4; lastKnownFileType = sourcecode.c.objc; path = "NSString+MD5.m"; sourceTree = "<group>"; };
		DE7F39A91935E27700C7C143 /* NSMutableURLRequest+Helper.h */ = {isa = PBXFileReference; fileEncoding = 4; lastKnownFileType = sourcecode.c.h; path = "NSMutableURLRequest+Helper.h"; sourceTree = "<group>"; };
		DE7F39AA1935E27700C7C143 /* NSMutableURLRequest+Helper.m */ = {isa = PBXFileReference; fileEncoding = 4; lastKnownFileType = sourcecode.c.objc; path = "NSMutableURLRequest+Helper.m"; sourceTree = "<group>"; };
		DE9D4550193C57000006047E /* Default-568h@2x.png */ = {isa = PBXFileReference; lastKnownFileType = image.png; path = "Default-568h@2x.png"; sourceTree = "<group>"; };
		DE9D4551193C57000006047E /* Default.png */ = {isa = PBXFileReference; lastKnownFileType = image.png; path = Default.png; sourceTree = "<group>"; };
		DE9D4552193C57000006047E /* Default@2x.png */ = {isa = PBXFileReference; lastKnownFileType = image.png; path = "Default@2x.png"; sourceTree = "<group>"; };
		DEA15433193825FD00F34BF0 /* libcommonCrypto.dylib */ = {isa = PBXFileReference; lastKnownFileType = "compiled.mach-o.dylib"; name = libcommonCrypto.dylib; path = usr/lib/system/libcommonCrypto.dylib; sourceTree = SDKROOT; };
		DEB54D6919331FA800EC589E /* NodeListViewController.h */ = {isa = PBXFileReference; fileEncoding = 4; lastKnownFileType = sourcecode.c.h; path = NodeListViewController.h; sourceTree = "<group>"; };
		DEB54D6A19331FA800EC589E /* NodeListViewController.m */ = {isa = PBXFileReference; fileEncoding = 4; lastKnownFileType = sourcecode.c.objc; path = NodeListViewController.m; sourceTree = "<group>"; };
		DEB54D6B19331FA800EC589E /* NodeListViewController.xib */ = {isa = PBXFileReference; fileEncoding = 4; lastKnownFileType = file.xib; path = NodeListViewController.xib; sourceTree = "<group>"; };
		DEB54D6E1933333A00EC589E /* NodeListCustomCell.h */ = {isa = PBXFileReference; fileEncoding = 4; lastKnownFileType = sourcecode.c.h; path = NodeListCustomCell.h; sourceTree = "<group>"; };
		DEB54D6F1933333A00EC589E /* NodeListCustomCell.m */ = {isa = PBXFileReference; fileEncoding = 4; lastKnownFileType = sourcecode.c.objc; path = NodeListCustomCell.m; sourceTree = "<group>"; };
		DEB54D701933333A00EC589E /* NodeListCustomCell.xib */ = {isa = PBXFileReference; fileEncoding = 4; lastKnownFileType = file.xib; path = NodeListCustomCell.xib; sourceTree = "<group>"; };
		DEB54D741933345000EC589E /* default_rss_img.png */ = {isa = PBXFileReference; lastKnownFileType = image.png; path = default_rss_img.png; sourceTree = "<group>"; };
		DEB54D751933345000EC589E /* default_rss_img@2x.png */ = {isa = PBXFileReference; lastKnownFileType = image.png; path = "default_rss_img@2x.png"; sourceTree = "<group>"; };
		DEB54D78193336BE00EC589E /* rate_star_0.png */ = {isa = PBXFileReference; lastKnownFileType = image.png; path = rate_star_0.png; sourceTree = "<group>"; };
		DEB54D79193336BE00EC589E /* rate_star_0@2x.png */ = {isa = PBXFileReference; lastKnownFileType = image.png; path = "rate_star_0@2x.png"; sourceTree = "<group>"; };
		DEB54D7A193336BE00EC589E /* rate_star_1.png */ = {isa = PBXFileReference; lastKnownFileType = image.png; path = rate_star_1.png; sourceTree = "<group>"; };
		DEB54D7B193336BE00EC589E /* rate_star_1@2x.png */ = {isa = PBXFileReference; lastKnownFileType = image.png; path = "rate_star_1@2x.png"; sourceTree = "<group>"; };
		DEB54D80193337B200EC589E /* WebViewViewController.h */ = {isa = PBXFileReference; fileEncoding = 4; lastKnownFileType = sourcecode.c.h; path = WebViewViewController.h; sourceTree = "<group>"; };
		DEB54D81193337B200EC589E /* WebViewViewController.m */ = {isa = PBXFileReference; fileEncoding = 4; lastKnownFileType = sourcecode.c.objc; path = WebViewViewController.m; sourceTree = "<group>"; };
		DEB54D82193337B200EC589E /* WebViewViewController.xib */ = {isa = PBXFileReference; fileEncoding = 4; lastKnownFileType = file.xib; path = WebViewViewController.xib; sourceTree = "<group>"; };
		DEB54D8619333CB200EC589E /* MediaPlayer.framework */ = {isa = PBXFileReference; lastKnownFileType = wrapper.framework; name = MediaPlayer.framework; path = System/Library/Frameworks/MediaPlayer.framework; sourceTree = SDKROOT; };
		DEB5F0D81932D7DA008922E5 /* UIViewController+Helper.h */ = {isa = PBXFileReference; fileEncoding = 4; lastKnownFileType = sourcecode.c.h; path = "UIViewController+Helper.h"; sourceTree = "<group>"; };
		DEB5F0D91932D7DA008922E5 /* UIViewController+Helper.m */ = {isa = PBXFileReference; fileEncoding = 4; lastKnownFileType = sourcecode.c.objc; path = "UIViewController+Helper.m"; sourceTree = "<group>"; };
		DEB5F0DB1932D854008922E5 /* Categories.h */ = {isa = PBXFileReference; fileEncoding = 4; lastKnownFileType = sourcecode.c.h; path = Categories.h; sourceTree = "<group>"; };
		DEB5F0DC1932D854008922E5 /* Categories.m */ = {isa = PBXFileReference; fileEncoding = 4; lastKnownFileType = sourcecode.c.objc; path = Categories.m; sourceTree = "<group>"; };
		DEB5F0E01932FB11008922E5 /* Model.xcdatamodel */ = {isa = PBXFileReference; lastKnownFileType = wrapper.xcdatamodel; path = Model.xcdatamodel; sourceTree = "<group>"; };
		DEB7BF2A19458DE700BF350D /* NSString+Helper.h */ = {isa = PBXFileReference; fileEncoding = 4; lastKnownFileType = sourcecode.c.h; path = "NSString+Helper.h"; sourceTree = "<group>"; };
		DEB7BF2B19458DE700BF350D /* NSString+Helper.m */ = {isa = PBXFileReference; fileEncoding = 4; lastKnownFileType = sourcecode.c.objc; path = "NSString+Helper.m"; sourceTree = "<group>"; };
		DEC5DD0F19357EDC0088A62F /* ic_home_press@2x.png */ = {isa = PBXFileReference; lastKnownFileType = image.png; path = "ic_home_press@2x.png"; sourceTree = "<group>"; };
		DEC5DD1019357EDC0088A62F /* ic_home_press.png */ = {isa = PBXFileReference; lastKnownFileType = image.png; path = ic_home_press.png; sourceTree = "<group>"; };
		DEC5DD1119357EDC0088A62F /* ic_home_normal@2x.png */ = {isa = PBXFileReference; lastKnownFileType = image.png; path = "ic_home_normal@2x.png"; sourceTree = "<group>"; };
		DEC5DD1219357EDC0088A62F /* ic_home_normal.png */ = {isa = PBXFileReference; lastKnownFileType = image.png; path = ic_home_normal.png; sourceTree = "<group>"; };
		DEC5DD1319357EDC0088A62F /* ic_favorites_press@2x.png */ = {isa = PBXFileReference; lastKnownFileType = image.png; path = "ic_favorites_press@2x.png"; sourceTree = "<group>"; };
		DEC5DD1419357EDC0088A62F /* ic_favorites_press.png */ = {isa = PBXFileReference; lastKnownFileType = image.png; path = ic_favorites_press.png; sourceTree = "<group>"; };
		DEC5DD1519357EDC0088A62F /* ic_favorites_normal@2x.png */ = {isa = PBXFileReference; lastKnownFileType = image.png; path = "ic_favorites_normal@2x.png"; sourceTree = "<group>"; };
		DEC5DD1619357EDC0088A62F /* ic_favorites_normal.png */ = {isa = PBXFileReference; lastKnownFileType = image.png; path = ic_favorites_normal.png; sourceTree = "<group>"; };
		DEC5DD1719357EDC0088A62F /* ic_channel_press@2x.png */ = {isa = PBXFileReference; lastKnownFileType = image.png; path = "ic_channel_press@2x.png"; sourceTree = "<group>"; };
		DEC5DD1819357EDC0088A62F /* ic_channel_press.png */ = {isa = PBXFileReference; lastKnownFileType = image.png; path = ic_channel_press.png; sourceTree = "<group>"; };
		DEC5DD1919357EDC0088A62F /* ic_channel_normal@2x.png */ = {isa = PBXFileReference; lastKnownFileType = image.png; path = "ic_channel_normal@2x.png"; sourceTree = "<group>"; };
		DEC5DD1A19357EDC0088A62F /* ic_channel_normal.png */ = {isa = PBXFileReference; lastKnownFileType = image.png; path = ic_channel_normal.png; sourceTree = "<group>"; };
		DEC5DD1B19357EDC0088A62F /* ic_about_press@2x.png */ = {isa = PBXFileReference; lastKnownFileType = image.png; path = "ic_about_press@2x.png"; sourceTree = "<group>"; };
		DEC5DD1C19357EDC0088A62F /* ic_about_press.png */ = {isa = PBXFileReference; lastKnownFileType = image.png; path = ic_about_press.png; sourceTree = "<group>"; };
		DEC5DD1D19357EDC0088A62F /* ic_about_normal@2x.png */ = {isa = PBXFileReference; lastKnownFileType = image.png; path = "ic_about_normal@2x.png"; sourceTree = "<group>"; };
		DEC5DD1E19357EDC0088A62F /* ic_about_normal.png */ = {isa = PBXFileReference; lastKnownFileType = image.png; path = ic_about_normal.png; sourceTree = "<group>"; };
		DEC5DD3B19359A560088A62F /* BaseViewController.h */ = {isa = PBXFileReference; fileEncoding = 4; lastKnownFileType = sourcecode.c.h; path = BaseViewController.h; sourceTree = "<group>"; };
		DEC5DD3C19359A560088A62F /* BaseViewController.m */ = {isa = PBXFileReference; fileEncoding = 4; lastKnownFileType = sourcecode.c.objc; path = BaseViewController.m; sourceTree = "<group>"; };
		DEC5DD3D19359A560088A62F /* BaseViewController.xib */ = {isa = PBXFileReference; fileEncoding = 4; lastKnownFileType = file.xib; path = BaseViewController.xib; sourceTree = "<group>"; };
		DEF4960D193431A800DD482D /* AboutViewController.h */ = {isa = PBXFileReference; fileEncoding = 4; lastKnownFileType = sourcecode.c.h; path = AboutViewController.h; sourceTree = "<group>"; };
		DEF4960E193431A800DD482D /* AboutViewController.m */ = {isa = PBXFileReference; fileEncoding = 4; lastKnownFileType = sourcecode.c.objc; path = AboutViewController.m; sourceTree = "<group>"; };
		DEF4960F193431A800DD482D /* AboutViewController.xib */ = {isa = PBXFileReference; fileEncoding = 4; lastKnownFileType = file.xib; path = AboutViewController.xib; sourceTree = "<group>"; };
		DEF496141934349F00DD482D /* Reachability.h */ = {isa = PBXFileReference; fileEncoding = 4; lastKnownFileType = sourcecode.c.h; path = Reachability.h; sourceTree = "<group>"; };
		DEF496151934349F00DD482D /* Reachability.m */ = {isa = PBXFileReference; fileEncoding = 4; lastKnownFileType = sourcecode.c.objc; path = Reachability.m; sourceTree = "<group>"; };
		DEF49617193435FD00DD482D /* NSUserDefaults+Helper.h */ = {isa = PBXFileReference; fileEncoding = 4; lastKnownFileType = sourcecode.c.h; path = "NSUserDefaults+Helper.h"; sourceTree = "<group>"; };
		DEF49618193435FD00DD482D /* NSUserDefaults+Helper.m */ = {isa = PBXFileReference; fileEncoding = 4; lastKnownFileType = sourcecode.c.objc; path = "NSUserDefaults+Helper.m"; sourceTree = "<group>"; };
		DEF4961A1934376700DD482D /* UIAlertView+Helper.h */ = {isa = PBXFileReference; fileEncoding = 4; lastKnownFileType = sourcecode.c.h; path = "UIAlertView+Helper.h"; sourceTree = "<group>"; };
		DEF4961B1934376700DD482D /* UIAlertView+Helper.m */ = {isa = PBXFileReference; fileEncoding = 4; lastKnownFileType = sourcecode.c.objc; path = "UIAlertView+Helper.m"; sourceTree = "<group>"; };
		DEF4961D1934385200DD482D /* Constant.h */ = {isa = PBXFileReference; fileEncoding = 4; lastKnownFileType = sourcecode.c.h; path = Constant.h; sourceTree = "<group>"; };
		DEF4961E1934385200DD482D /* Constant.m */ = {isa = PBXFileReference; fileEncoding = 4; lastKnownFileType = sourcecode.c.objc; path = Constant.m; sourceTree = "<group>"; };
		DEF496561934A24C00DD482D /* BookmarkCustomCell.h */ = {isa = PBXFileReference; fileEncoding = 4; lastKnownFileType = sourcecode.c.h; path = BookmarkCustomCell.h; sourceTree = "<group>"; };
		DEF496571934A24C00DD482D /* BookmarkCustomCell.m */ = {isa = PBXFileReference; fileEncoding = 4; lastKnownFileType = sourcecode.c.objc; path = BookmarkCustomCell.m; sourceTree = "<group>"; };
		DEF496581934A24C00DD482D /* BookmarkCustomCell.xib */ = {isa = PBXFileReference; fileEncoding = 4; lastKnownFileType = file.xib; path = BookmarkCustomCell.xib; sourceTree = "<group>"; };
/* End PBXFileReference section */

/* Begin PBXFrameworksBuildPhase section */
		DE22E7B2192F54180005E685 /* Frameworks */ = {
			isa = PBXFrameworksBuildPhase;
			buildActionMask = 2147483647;
			files = (
				DE22E7BD192F54180005E685 /* UIKit.framework in Frameworks */,
				42AE1B28194B8FB600F2CC2A /* Security.framework in Frameworks */,
				DE1B5B3E194AEE2900A4B5D9 /* libsqlite3.dylib in Frameworks */,
				DE1B5B3C194AEDA400A4B5D9 /* libz.dylib in Frameworks */,
				DE1B5B3B194AED9800A4B5D9 /* AdSupport.framework in Frameworks */,
				DEB54D8719333CB200EC589E /* MediaPlayer.framework in Frameworks */,
				DE22E7BB192F54180005E685 /* CoreGraphics.framework in Frameworks */,
				42B84198194DFD320014B1E0 /* DailymotionSDK.framework in Frameworks */,
				DE22E7B9192F54180005E685 /* Foundation.framework in Frameworks */,
				5C3B4106D7DC496FBEFCBD72 /* libPods.a in Frameworks */,
				DE1B5B3A194AED3400A4B5D9 /* libGoogleAnalyticsServices.a in Frameworks */,
			);
			runOnlyForDeploymentPostprocessing = 0;
		};
		DE22E7CD192F54180005E685 /* Frameworks */ = {
			isa = PBXFrameworksBuildPhase;
			buildActionMask = 2147483647;
			files = (
				DE22E7D2192F54180005E685 /* XCTest.framework in Frameworks */,
				DE22E7D4192F54180005E685 /* UIKit.framework in Frameworks */,
				DE22E7D3192F54180005E685 /* Foundation.framework in Frameworks */,
				42B84199194DFD330014B1E0 /* DailymotionSDK.framework in Frameworks */,
			);
			runOnlyForDeploymentPostprocessing = 0;
		};
/* End PBXFrameworksBuildPhase section */

/* Begin PBXGroup section */
		DE1B5B32194AED3400A4B5D9 /* GoogleAnalytic */ = {
			isa = PBXGroup;
			children = (
				DE1B5B33194AED3400A4B5D9 /* GAI.h */,
				DE1B5B34194AED3400A4B5D9 /* GAIDictionaryBuilder.h */,
				DE1B5B35194AED3400A4B5D9 /* GAIFields.h */,
				DE1B5B36194AED3400A4B5D9 /* GAILogger.h */,
				DE1B5B37194AED3400A4B5D9 /* GAITrackedViewController.h */,
				DE1B5B38194AED3400A4B5D9 /* GAITracker.h */,
				DE1B5B39194AED3400A4B5D9 /* libGoogleAnalyticsServices.a */,
			);
			path = GoogleAnalytic;
			sourceTree = "<group>";
		};
		DE22E7AC192F54180005E685 = {
			isa = PBXGroup;
			children = (
				DEF496121934339F00DD482D /* Libraries */,
				DEB54D731933344800EC589E /* Images */,
				DEB5F0DE1932FAFC008922E5 /* CoreData */,
				DEB5F0D71932D7B7008922E5 /* Categories */,
				DE22E7BE192F54180005E685 /* MyRssReader */,
				DE22E7BF192F54180005E685 /* Supporting Files */,
				DE22E7D7192F54180005E685 /* MyRssReaderTests */,
				DE22E7B7192F54180005E685 /* Frameworks */,
				DE22E7B6192F54180005E685 /* Products */,
				69548C345766444AA82624A5 /* Pods.xcconfig */,
			);
			sourceTree = "<group>";
		};
		DE22E7B6192F54180005E685 /* Products */ = {
			isa = PBXGroup;
			children = (
				DE22E7B5192F54180005E685 /* Rss Video Player.app */,
				DE22E7D0192F54180005E685 /* MyRssReaderTests.xctest */,
			);
			name = Products;
			sourceTree = "<group>";
		};
		DE22E7B7192F54180005E685 /* Frameworks */ = {
			isa = PBXGroup;
			children = (
				42AE1B27194B8FB600F2CC2A /* Security.framework */,
				DE1B5B3D194AEE2900A4B5D9 /* libsqlite3.dylib */,
				DE04E6A8194AE52000BD30BC /* AdSupport.framework */,
				DE04E6A6194AE50300BD30BC /* libz.dylib */,
				DEA15433193825FD00F34BF0 /* libcommonCrypto.dylib */,
				DEB54D8619333CB200EC589E /* MediaPlayer.framework */,
				DE22E7B8192F54180005E685 /* Foundation.framework */,
				DE22E7BA192F54180005E685 /* CoreGraphics.framework */,
				DE22E7BC192F54180005E685 /* UIKit.framework */,
				DE22E7D1192F54180005E685 /* XCTest.framework */,
				5573354A75464195829BDB84 /* libPods.a */,
			);
			name = Frameworks;
			sourceTree = "<group>";
		};
		DE22E7BE192F54180005E685 /* MyRssReader */ = {
			isa = PBXGroup;
			children = (
				DEF496211934496B00DD482D /* Tab Home */,
				DEF496221934499C00DD482D /* Tab Manage */,
				DEF49623193449B600DD482D /* Tab Favorite */,
				DEF49624193449BE00DD482D /* Tab About */,
				DE22E7C7192F54180005E685 /* AppDelegate.h */,
				DE22E7C8192F54180005E685 /* AppDelegate.m */,
				DE22E7CA192F54180005E685 /* Images.xcassets */,
				DE22E7E7192F5C410005E685 /* HomeViewController.h */,
				DE22E7E8192F5C410005E685 /* HomeViewController.m */,
				DE22E7E9192F5C410005E685 /* HomeViewController.xib */,
				DEF4961D1934385200DD482D /* Constant.h */,
				DEF4961E1934385200DD482D /* Constant.m */,
				DEC5DD3B19359A560088A62F /* BaseViewController.h */,
				DEC5DD3C19359A560088A62F /* BaseViewController.m */,
				DEC5DD3D19359A560088A62F /* BaseViewController.xib */,
			);
			path = MyRssReader;
			sourceTree = "<group>";
		};
		DE22E7BF192F54180005E685 /* Supporting Files */ = {
			isa = PBXGroup;
			children = (
				DE22E7C0192F54180005E685 /* MyRssReader-Info.plist */,
				DE22E7C1192F54180005E685 /* InfoPlist.strings */,
				DE22E7C4192F54180005E685 /* main.m */,
				DE22E7C6192F54180005E685 /* MyRssReader-Prefix.pch */,
			);
			name = "Supporting Files";
			path = MyRssReader;
			sourceTree = "<group>";
		};
		DE22E7D7192F54180005E685 /* MyRssReaderTests */ = {
			isa = PBXGroup;
			children = (
				DE22E7DD192F54180005E685 /* MyRssReaderTests.m */,
				DE22E7D8192F54180005E685 /* Supporting Files */,
			);
			path = MyRssReaderTests;
			sourceTree = "<group>";
		};
		DE22E7D8192F54180005E685 /* Supporting Files */ = {
			isa = PBXGroup;
			children = (
				DE22E7D9192F54180005E685 /* MyRssReaderTests-Info.plist */,
				DE22E7DA192F54180005E685 /* InfoPlist.strings */,
			);
			name = "Supporting Files";
			sourceTree = "<group>";
		};
		DE4303DD193878D8008A42A4 /* Model */ = {
			isa = PBXGroup;
			children = (
				DE4303DE193878F4008A42A4 /* TempRss.h */,
				DE4303DF193878F4008A42A4 /* TempRss.m */,
				DE4303E119387924008A42A4 /* TempNode.h */,
				DE4303E219387924008A42A4 /* TempNode.m */,
			);
			name = Model;
			sourceTree = "<group>";
		};
		DEB54D731933344800EC589E /* Images */ = {
			isa = PBXGroup;
			children = (
				DE1B5B3F194B0EA000A4B5D9 /* icon_default.png */,
				DE1B5B40194B0EA000A4B5D9 /* icon_default@2x.png */,
				42C70BFF193CBE3500736BCF /* icon -114.png */,
				42C70C00193CBE3500736BCF /* icon-29.png */,
				42C70C01193CBE3500736BCF /* icon-40.png */,
				42C70C02193CBE3500736BCF /* icon-50.png */,
				42C70C03193CBE3500736BCF /* icon-57.png */,
				42C70C04193CBE3500736BCF /* icon-58.png */,
				42C70C05193CBE3500736BCF /* icon-72.png */,
				42C70C06193CBE3500736BCF /* icon-76.png */,
				42C70C07193CBE3500736BCF /* icon-80.png */,
				42C70C08193CBE3500736BCF /* icon-100.png */,
				42C70C09193CBE3500736BCF /* icon-120.png */,
				42C70C0A193CBE3500736BCF /* icon-144.png */,
				42C70C0B193CBE3500736BCF /* icon-152.png */,
				42C70C0C193CBE3500736BCF /* iTunesArtwork.png */,
				42C70C0D193CBE3500736BCF /* iTunesArtwork@2x.png */,
				DE9D4550193C57000006047E /* Default-568h@2x.png */,
				DE9D4551193C57000006047E /* Default.png */,
				DE9D4552193C57000006047E /* Default@2x.png */,
				DEC5DD0F19357EDC0088A62F /* ic_home_press@2x.png */,
				DEC5DD1019357EDC0088A62F /* ic_home_press.png */,
				DEC5DD1119357EDC0088A62F /* ic_home_normal@2x.png */,
				DEC5DD1219357EDC0088A62F /* ic_home_normal.png */,
				DEC5DD1319357EDC0088A62F /* ic_favorites_press@2x.png */,
				DEC5DD1419357EDC0088A62F /* ic_favorites_press.png */,
				DEC5DD1519357EDC0088A62F /* ic_favorites_normal@2x.png */,
				DEC5DD1619357EDC0088A62F /* ic_favorites_normal.png */,
				DEC5DD1719357EDC0088A62F /* ic_channel_press@2x.png */,
				DEC5DD1819357EDC0088A62F /* ic_channel_press.png */,
				DEC5DD1919357EDC0088A62F /* ic_channel_normal@2x.png */,
				DEC5DD1A19357EDC0088A62F /* ic_channel_normal.png */,
				DEC5DD1B19357EDC0088A62F /* ic_about_press@2x.png */,
				DEC5DD1C19357EDC0088A62F /* ic_about_press.png */,
				DEC5DD1D19357EDC0088A62F /* ic_about_normal@2x.png */,
				DEC5DD1E19357EDC0088A62F /* ic_about_normal.png */,
				DEB54D78193336BE00EC589E /* rate_star_0.png */,
				DEB54D79193336BE00EC589E /* rate_star_0@2x.png */,
				DEB54D7A193336BE00EC589E /* rate_star_1.png */,
				DEB54D7B193336BE00EC589E /* rate_star_1@2x.png */,
				DEB54D741933345000EC589E /* default_rss_img.png */,
				DEB54D751933345000EC589E /* default_rss_img@2x.png */,
			);
			path = Images;
			sourceTree = "<group>";
		};
		DEB5F0D71932D7B7008922E5 /* Categories */ = {
			isa = PBXGroup;
			children = (
				DEB5F0D81932D7DA008922E5 /* UIViewController+Helper.h */,
				DEB5F0D91932D7DA008922E5 /* UIViewController+Helper.m */,
				DEB5F0DB1932D854008922E5 /* Categories.h */,
				DEB5F0DC1932D854008922E5 /* Categories.m */,
				DEF49617193435FD00DD482D /* NSUserDefaults+Helper.h */,
				DEF49618193435FD00DD482D /* NSUserDefaults+Helper.m */,
				DEF4961A1934376700DD482D /* UIAlertView+Helper.h */,
				DEF4961B1934376700DD482D /* UIAlertView+Helper.m */,
				DE7F39A61935DCC900C7C143 /* NSString+MD5.h */,
				DE7F39A71935DCC900C7C143 /* NSString+MD5.m */,
				DE7F39A91935E27700C7C143 /* NSMutableURLRequest+Helper.h */,
				DE7F39AA1935E27700C7C143 /* NSMutableURLRequest+Helper.m */,
				DEB7BF2A19458DE700BF350D /* NSString+Helper.h */,
				DEB7BF2B19458DE700BF350D /* NSString+Helper.m */,
			);
			path = Categories;
			sourceTree = "<group>";
		};
		DEB5F0DE1932FAFC008922E5 /* CoreData */ = {
			isa = PBXGroup;
			children = (
				DEB5F0DF1932FB11008922E5 /* Model.xcdatamodeld */,
				DE7B3067193C377600B749D0 /* Rss.h */,
				DE7B3068193C377600B749D0 /* Rss.m */,
				DE7B306A193C377700B749D0 /* Node.h */,
				DE7B306B193C377700B749D0 /* Node.m */,
			);
			name = CoreData;
			sourceTree = "<group>";
		};
		DEF496121934339F00DD482D /* Libraries */ = {
			isa = PBXGroup;
			children = (
				42B84197194DFD320014B1E0 /* DailymotionSDK.framework */,
				DE1B5B32194AED3400A4B5D9 /* GoogleAnalytic */,
				DEF496131934349F00DD482D /* Reachability */,
			);
			path = Libraries;
			sourceTree = "<group>";
		};
		DEF496131934349F00DD482D /* Reachability */ = {
			isa = PBXGroup;
			children = (
				DEF496141934349F00DD482D /* Reachability.h */,
				DEF496151934349F00DD482D /* Reachability.m */,
			);
			path = Reachability;
			sourceTree = "<group>";
		};
		DEF496211934496B00DD482D /* Tab Home */ = {
			isa = PBXGroup;
			children = (
				DE4303DD193878D8008A42A4 /* Model */,
				DE22E7EC192F5D230005E685 /* RssListViewController.h */,
				DE22E7ED192F5D230005E685 /* RssListViewController.m */,
				DE22E7EE192F5D230005E685 /* RssListViewController.xib */,
				DEB54D6919331FA800EC589E /* NodeListViewController.h */,
				DEB54D6A19331FA800EC589E /* NodeListViewController.m */,
				DEB54D6B19331FA800EC589E /* NodeListViewController.xib */,
				DEB54D6E1933333A00EC589E /* NodeListCustomCell.h */,
				DEB54D6F1933333A00EC589E /* NodeListCustomCell.m */,
				DEB54D701933333A00EC589E /* NodeListCustomCell.xib */,
				DEB54D80193337B200EC589E /* WebViewViewController.h */,
				DEB54D81193337B200EC589E /* WebViewViewController.m */,
				DEB54D82193337B200EC589E /* WebViewViewController.xib */,
			);
			name = "Tab Home";
			sourceTree = "<group>";
		};
		DEF496221934499C00DD482D /* Tab Manage */ = {
			isa = PBXGroup;
			children = (
				DE22E7F1192F5D360005E685 /* ManageRssViewController.h */,
				DE22E7F2192F5D360005E685 /* ManageRssViewController.m */,
				DE22E7F3192F5D360005E685 /* ManageRssViewController.xib */,
			);
			name = "Tab Manage";
			sourceTree = "<group>";
		};
		DEF49623193449B600DD482D /* Tab Favorite */ = {
			isa = PBXGroup;
			children = (
				DE22E7F6192F5E4D0005E685 /* BookmarkViewController.h */,
				DE22E7F7192F5E4D0005E685 /* BookmarkViewController.m */,
				DE22E7F8192F5E4D0005E685 /* BookmarkViewController.xib */,
				DEF496561934A24C00DD482D /* BookmarkCustomCell.h */,
				DEF496571934A24C00DD482D /* BookmarkCustomCell.m */,
				DEF496581934A24C00DD482D /* BookmarkCustomCell.xib */,
			);
			name = "Tab Favorite";
			sourceTree = "<group>";
		};
		DEF49624193449BE00DD482D /* Tab About */ = {
			isa = PBXGroup;
			children = (
				DEF4960D193431A800DD482D /* AboutViewController.h */,
				DEF4960E193431A800DD482D /* AboutViewController.m */,
				DEF4960F193431A800DD482D /* AboutViewController.xib */,
			);
			name = "Tab About";
			sourceTree = "<group>";
		};
/* End PBXGroup section */

/* Begin PBXNativeTarget section */
		DE22E7B4192F54180005E685 /* MyRssReader */ = {
			isa = PBXNativeTarget;
			buildConfigurationList = DE22E7E1192F54180005E685 /* Build configuration list for PBXNativeTarget "MyRssReader" */;
			buildPhases = (
				8BAA930CD2D344B2B2C5363B /* Check Pods Manifest.lock */,
				DE22E7B1192F54180005E685 /* Sources */,
				DE22E7B2192F54180005E685 /* Frameworks */,
				DE22E7B3192F54180005E685 /* Resources */,
				22F5C6D52E814B04934FF9BD /* Copy Pods Resources */,
			);
			buildRules = (
			);
			dependencies = (
			);
			name = MyRssReader;
			productName = MyRssReader;
			productReference = DE22E7B5192F54180005E685 /* Rss Video Player.app */;
			productType = "com.apple.product-type.application";
		};
		DE22E7CF192F54180005E685 /* MyRssReaderTests */ = {
			isa = PBXNativeTarget;
			buildConfigurationList = DE22E7E4192F54180005E685 /* Build configuration list for PBXNativeTarget "MyRssReaderTests" */;
			buildPhases = (
				DE22E7CC192F54180005E685 /* Sources */,
				DE22E7CD192F54180005E685 /* Frameworks */,
				DE22E7CE192F54180005E685 /* Resources */,
			);
			buildRules = (
			);
			dependencies = (
				DE22E7D6192F54180005E685 /* PBXTargetDependency */,
			);
			name = MyRssReaderTests;
			productName = MyRssReaderTests;
			productReference = DE22E7D0192F54180005E685 /* MyRssReaderTests.xctest */;
			productType = "com.apple.product-type.bundle.unit-test";
		};
/* End PBXNativeTarget section */

/* Begin PBXProject section */
		DE22E7AD192F54180005E685 /* Project object */ = {
			isa = PBXProject;
			attributes = {
				LastUpgradeCheck = 0510;
				ORGANIZATIONNAME = Huyns;
				TargetAttributes = {
					DE22E7CF192F54180005E685 = {
						TestTargetID = DE22E7B4192F54180005E685;
					};
				};
			};
			buildConfigurationList = DE22E7B0192F54180005E685 /* Build configuration list for PBXProject "MyRssReader" */;
			compatibilityVersion = "Xcode 3.2";
			developmentRegion = English;
			hasScannedForEncodings = 0;
			knownRegions = (
				en,
			);
			mainGroup = DE22E7AC192F54180005E685;
			productRefGroup = DE22E7B6192F54180005E685 /* Products */;
			projectDirPath = "";
			projectRoot = "";
			targets = (
				DE22E7B4192F54180005E685 /* MyRssReader */,
				DE22E7CF192F54180005E685 /* MyRssReaderTests */,
			);
		};
/* End PBXProject section */

/* Begin PBXResourcesBuildPhase section */
		DE22E7B3192F54180005E685 /* Resources */ = {
			isa = PBXResourcesBuildPhase;
			buildActionMask = 2147483647;
			files = (
				DEC5DD2619357EDC0088A62F /* ic_favorites_normal.png in Resources */,
				DEC5DD3F19359A560088A62F /* BaseViewController.xib in Resources */,
				DE1B5B41194B0EA000A4B5D9 /* icon_default.png in Resources */,
				42C70C0F193CBE3500736BCF /* icon-29.png in Resources */,
				DEC5DD2D19357EDC0088A62F /* ic_about_normal@2x.png in Resources */,
				DEC5DD2919357EDC0088A62F /* ic_channel_normal@2x.png in Resources */,
				DEB54D84193337B200EC589E /* WebViewViewController.xib in Resources */,
				DE22E7F5192F5D360005E685 /* ManageRssViewController.xib in Resources */,
				DEC5DD2819357EDC0088A62F /* ic_channel_press.png in Resources */,
				42C70C18193CBE3500736BCF /* icon-120.png in Resources */,
				42C70C1A193CBE3500736BCF /* icon-152.png in Resources */,
				42C70C10193CBE3500736BCF /* icon-40.png in Resources */,
				DEC5DD2A19357EDC0088A62F /* ic_channel_normal.png in Resources */,
				DEF49611193431A800DD482D /* AboutViewController.xib in Resources */,
				DE22E7C3192F54180005E685 /* InfoPlist.strings in Resources */,
				DEB54D6D19331FA800EC589E /* NodeListViewController.xib in Resources */,
				DEB54D7D193336BE00EC589E /* rate_star_0@2x.png in Resources */,
				42C70C19193CBE3500736BCF /* icon-144.png in Resources */,
				42C70C12193CBE3500736BCF /* icon-57.png in Resources */,
				42C70C1B193CBE3500736BCF /* iTunesArtwork.png in Resources */,
				DE22E7FA192F5E4D0005E685 /* BookmarkViewController.xib in Resources */,
				DEC5DD1F19357EDC0088A62F /* ic_home_press@2x.png in Resources */,
				42C70C13193CBE3500736BCF /* icon-58.png in Resources */,
				DEC5DD2E19357EDC0088A62F /* ic_about_normal.png in Resources */,
				42C70C1C193CBE3500736BCF /* iTunesArtwork@2x.png in Resources */,
				DEC5DD2C19357EDC0088A62F /* ic_about_press.png in Resources */,
				DEC5DD2419357EDC0088A62F /* ic_favorites_press.png in Resources */,
				DEF4965A1934A24C00DD482D /* BookmarkCustomCell.xib in Resources */,
				DE9D4555193C57000006047E /* Default@2x.png in Resources */,
				42C70C17193CBE3500736BCF /* icon-100.png in Resources */,
				42C70C11193CBE3500736BCF /* icon-50.png in Resources */,
				DEB54D721933333A00EC589E /* NodeListCustomCell.xib in Resources */,
				42C70C14193CBE3500736BCF /* icon-72.png in Resources */,
				42C70C15193CBE3500736BCF /* icon-76.png in Resources */,
				42C70C0E193CBE3500736BCF /* icon -114.png in Resources */,
				DEC5DD2719357EDC0088A62F /* ic_channel_press@2x.png in Resources */,
				DEC5DD2119357EDC0088A62F /* ic_home_normal@2x.png in Resources */,
				DE1B5B42194B0EA000A4B5D9 /* icon_default@2x.png in Resources */,
				DE9D4554193C57000006047E /* Default.png in Resources */,
				DE9D4553193C57000006047E /* Default-568h@2x.png in Resources */,
				DE22E7F0192F5D230005E685 /* RssListViewController.xib in Resources */,
				DEC5DD2519357EDC0088A62F /* ic_favorites_normal@2x.png in Resources */,
				DEB54D761933345000EC589E /* default_rss_img.png in Resources */,
				DEB54D7F193336BE00EC589E /* rate_star_1@2x.png in Resources */,
				42C70C16193CBE3500736BCF /* icon-80.png in Resources */,
				DEC5DD2219357EDC0088A62F /* ic_home_normal.png in Resources */,
				DEB54D771933345000EC589E /* default_rss_img@2x.png in Resources */,
				DEC5DD2019357EDC0088A62F /* ic_home_press.png in Resources */,
				DEC5DD2B19357EDC0088A62F /* ic_about_press@2x.png in Resources */,
				DE22E7CB192F54180005E685 /* Images.xcassets in Resources */,
				DE22E7EB192F5C410005E685 /* HomeViewController.xib in Resources */,
				DEB54D7C193336BE00EC589E /* rate_star_0.png in Resources */,
				DEC5DD2319357EDC0088A62F /* ic_favorites_press@2x.png in Resources */,
				DEB54D7E193336BE00EC589E /* rate_star_1.png in Resources */,
			);
			runOnlyForDeploymentPostprocessing = 0;
		};
		DE22E7CE192F54180005E685 /* Resources */ = {
			isa = PBXResourcesBuildPhase;
			buildActionMask = 2147483647;
			files = (
				DE22E7DC192F54180005E685 /* InfoPlist.strings in Resources */,
			);
			runOnlyForDeploymentPostprocessing = 0;
		};
/* End PBXResourcesBuildPhase section */

/* Begin PBXShellScriptBuildPhase section */
		22F5C6D52E814B04934FF9BD /* Copy Pods Resources */ = {
			isa = PBXShellScriptBuildPhase;
			buildActionMask = 2147483647;
			files = (
			);
			inputPaths = (
			);
			name = "Copy Pods Resources";
			outputPaths = (
			);
			runOnlyForDeploymentPostprocessing = 0;
			shellPath = /bin/sh;
			shellScript = "\"${SRCROOT}/Pods/Pods-resources.sh\"\n";
			showEnvVarsInLog = 0;
		};
		8BAA930CD2D344B2B2C5363B /* Check Pods Manifest.lock */ = {
			isa = PBXShellScriptBuildPhase;
			buildActionMask = 2147483647;
			files = (
			);
			inputPaths = (
			);
			name = "Check Pods Manifest.lock";
			outputPaths = (
			);
			runOnlyForDeploymentPostprocessing = 0;
			shellPath = /bin/sh;
			shellScript = "diff \"${PODS_ROOT}/../Podfile.lock\" \"${PODS_ROOT}/Manifest.lock\" > /dev/null\nif [[ $? != 0 ]] ; then\n    cat << EOM\nerror: The sandbox is not in sync with the Podfile.lock. Run 'pod install' or update your CocoaPods installation.\nEOM\n    exit 1\nfi\n";
			showEnvVarsInLog = 0;
		};
/* End PBXShellScriptBuildPhase section */

/* Begin PBXSourcesBuildPhase section */
		DE22E7B1192F54180005E685 /* Sources */ = {
			isa = PBXSourcesBuildPhase;
			buildActionMask = 2147483647;
			files = (
				DEB54D6C19331FA800EC589E /* NodeListViewController.m in Sources */,
				DEB54D711933333A00EC589E /* NodeListCustomCell.m in Sources */,
				DE22E7F4192F5D360005E685 /* ManageRssViewController.m in Sources */,
				DE22E7C9192F54180005E685 /* AppDelegate.m in Sources */,
				DE7F39A81935DCC900C7C143 /* NSString+MD5.m in Sources */,
				DE7B306C193C377700B749D0 /* Node.m in Sources */,
				DE22E7F9192F5E4D0005E685 /* BookmarkViewController.m in Sources */,
				DEF49610193431A800DD482D /* AboutViewController.m in Sources */,
				DE22E7EF192F5D230005E685 /* RssListViewController.m in Sources */,
				DEF4961F1934385200DD482D /* Constant.m in Sources */,
				DE7F39AB1935E27700C7C143 /* NSMutableURLRequest+Helper.m in Sources */,
				DEB7BF2C19458DE700BF350D /* NSString+Helper.m in Sources */,
				DEF49619193435FD00DD482D /* NSUserDefaults+Helper.m in Sources */,
				DEB54D83193337B200EC589E /* WebViewViewController.m in Sources */,
				DEF496591934A24C00DD482D /* BookmarkCustomCell.m in Sources */,
				DEF4961C1934376700DD482D /* UIAlertView+Helper.m in Sources */,
				DEF496161934349F00DD482D /* Reachability.m in Sources */,
				DE22E7C5192F54180005E685 /* main.m in Sources */,
				DE4303E0193878F4008A42A4 /* TempRss.m in Sources */,
				DEB5F0E11932FB11008922E5 /* Model.xcdatamodeld in Sources */,
				DEB5F0DD1932D854008922E5 /* Categories.m in Sources */,
				DE7B3069193C377600B749D0 /* Rss.m in Sources */,
				DE22E7EA192F5C410005E685 /* HomeViewController.m in Sources */,
				DE4303E319387924008A42A4 /* TempNode.m in Sources */,
				DEC5DD3E19359A560088A62F /* BaseViewController.m in Sources */,
				DEB5F0DA1932D7DA008922E5 /* UIViewController+Helper.m in Sources */,
			);
			runOnlyForDeploymentPostprocessing = 0;
		};
		DE22E7CC192F54180005E685 /* Sources */ = {
			isa = PBXSourcesBuildPhase;
			buildActionMask = 2147483647;
			files = (
				DE22E7DE192F54180005E685 /* MyRssReaderTests.m in Sources */,
			);
			runOnlyForDeploymentPostprocessing = 0;
		};
/* End PBXSourcesBuildPhase section */

/* Begin PBXTargetDependency section */
		DE22E7D6192F54180005E685 /* PBXTargetDependency */ = {
			isa = PBXTargetDependency;
			target = DE22E7B4192F54180005E685 /* MyRssReader */;
			targetProxy = DE22E7D5192F54180005E685 /* PBXContainerItemProxy */;
		};
/* End PBXTargetDependency section */

/* Begin PBXVariantGroup section */
		DE22E7C1192F54180005E685 /* InfoPlist.strings */ = {
			isa = PBXVariantGroup;
			children = (
				DE22E7C2192F54180005E685 /* en */,
			);
			name = InfoPlist.strings;
			sourceTree = "<group>";
		};
		DE22E7DA192F54180005E685 /* InfoPlist.strings */ = {
			isa = PBXVariantGroup;
			children = (
				DE22E7DB192F54180005E685 /* en */,
			);
			name = InfoPlist.strings;
			sourceTree = "<group>";
		};
/* End PBXVariantGroup section */

/* Begin XCBuildConfiguration section */
		DE22E7DF192F54180005E685 /* Debug */ = {
			isa = XCBuildConfiguration;
			buildSettings = {
				ALWAYS_SEARCH_USER_PATHS = NO;
				CLANG_CXX_LANGUAGE_STANDARD = "gnu++0x";
				CLANG_CXX_LIBRARY = "libc++";
				CLANG_ENABLE_MODULES = YES;
				CLANG_ENABLE_OBJC_ARC = YES;
				CLANG_WARN_BOOL_CONVERSION = YES;
				CLANG_WARN_CONSTANT_CONVERSION = YES;
				CLANG_WARN_DIRECT_OBJC_ISA_USAGE = YES_ERROR;
				CLANG_WARN_EMPTY_BODY = YES;
				CLANG_WARN_ENUM_CONVERSION = YES;
				CLANG_WARN_INT_CONVERSION = YES;
				CLANG_WARN_OBJC_ROOT_CLASS = YES_ERROR;
				CLANG_WARN__DUPLICATE_METHOD_MATCH = YES;
				"CODE_SIGN_IDENTITY[sdk=iphoneos*]" = "iPhone Developer";
				COPY_PHASE_STRIP = NO;
				GCC_C_LANGUAGE_STANDARD = gnu99;
				GCC_DYNAMIC_NO_PIC = NO;
				GCC_OPTIMIZATION_LEVEL = 0;
				GCC_PREPROCESSOR_DEFINITIONS = (
					"DEBUG=1",
					"$(inherited)",
				);
				GCC_SYMBOLS_PRIVATE_EXTERN = NO;
				GCC_WARN_64_TO_32_BIT_CONVERSION = YES;
				GCC_WARN_ABOUT_RETURN_TYPE = YES_ERROR;
				GCC_WARN_UNDECLARED_SELECTOR = YES;
				GCC_WARN_UNINITIALIZED_AUTOS = YES_AGGRESSIVE;
				GCC_WARN_UNUSED_FUNCTION = YES;
				GCC_WARN_UNUSED_VARIABLE = YES;
				IPHONEOS_DEPLOYMENT_TARGET = 7.1;
				ONLY_ACTIVE_ARCH = YES;
				SDKROOT = iphoneos;
			};
			name = Debug;
		};
		DE22E7E0192F54180005E685 /* Release */ = {
			isa = XCBuildConfiguration;
			buildSettings = {
				ALWAYS_SEARCH_USER_PATHS = NO;
				CLANG_CXX_LANGUAGE_STANDARD = "gnu++0x";
				CLANG_CXX_LIBRARY = "libc++";
				CLANG_ENABLE_MODULES = YES;
				CLANG_ENABLE_OBJC_ARC = YES;
				CLANG_WARN_BOOL_CONVERSION = YES;
				CLANG_WARN_CONSTANT_CONVERSION = YES;
				CLANG_WARN_DIRECT_OBJC_ISA_USAGE = YES_ERROR;
				CLANG_WARN_EMPTY_BODY = YES;
				CLANG_WARN_ENUM_CONVERSION = YES;
				CLANG_WARN_INT_CONVERSION = YES;
				CLANG_WARN_OBJC_ROOT_CLASS = YES_ERROR;
				CLANG_WARN__DUPLICATE_METHOD_MATCH = YES;
				"CODE_SIGN_IDENTITY[sdk=iphoneos*]" = "iPhone Developer";
				COPY_PHASE_STRIP = YES;
				ENABLE_NS_ASSERTIONS = NO;
				GCC_C_LANGUAGE_STANDARD = gnu99;
				GCC_WARN_64_TO_32_BIT_CONVERSION = YES;
				GCC_WARN_ABOUT_RETURN_TYPE = YES_ERROR;
				GCC_WARN_UNDECLARED_SELECTOR = YES;
				GCC_WARN_UNINITIALIZED_AUTOS = YES_AGGRESSIVE;
				GCC_WARN_UNUSED_FUNCTION = YES;
				GCC_WARN_UNUSED_VARIABLE = YES;
				IPHONEOS_DEPLOYMENT_TARGET = 7.1;
				SDKROOT = iphoneos;
				VALIDATE_PRODUCT = YES;
			};
			name = Release;
		};
		DE22E7E2192F54180005E685 /* Debug */ = {
			isa = XCBuildConfiguration;
			baseConfigurationReference = 69548C345766444AA82624A5 /* Pods.xcconfig */;
			buildSettings = {
				ARCHS = (
					armv7,
					armv64,
					armv7s,
				);
				ASSETCATALOG_COMPILER_APPICON_NAME = AppIcon;
				ASSETCATALOG_COMPILER_LAUNCHIMAGE_NAME = LaunchImage;
				"CODE_SIGN_IDENTITY[sdk=iphoneos*]" = "iPhone Developer: Yuta Watanabe (725395W8Z5)";
				FRAMEWORK_SEARCH_PATHS = (
					"$(PROJECT_DIR)/Libraries",
					"$(inherited)",
				);
				GCC_PRECOMPILE_PREFIX_HEADER = YES;
				GCC_PREFIX_HEADER = "MyRssReader/MyRssReader-Prefix.pch";
				INFOPLIST_FILE = "MyRssReader/MyRssReader-Info.plist";
				IPHONEOS_DEPLOYMENT_TARGET = 6.0;
				LIBRARY_SEARCH_PATHS = (
					"$(inherited)",
					"$(SDKROOT)/usr/lib/system",
					"$(PROJECT_DIR)/Libraries",
					"$(PROJECT_DIR)/Libraries/GoogleAnalytic",
				);
				ONLY_ACTIVE_ARCH = YES;
				OTHER_LDFLAGS = (
					"-ObjC",
					"-lGoogleAdMobAds",
					"-framework",
					AVFoundation,
					"-framework",
					AdSupport,
					"-framework",
					AudioToolbox,
					"-framework",
					CoreData,
					"-framework",
					CoreGraphics,
					"-framework",
					CoreLocation,
					"-framework",
					CoreTelephony,
					"-framework",
					MediaPlayer,
					"-framework",
					MessageUI,
					"-framework",
					MobileCoreServices,
					"-framework",
					QuartzCore,
					"-framework",
					Security,
					"-framework",
					StoreKit,
					"-framework",
					SystemConfiguration,
					"-weak_framework",
					Accounts,
					"-weak_framework",
					Security,
					"-weak_framework",
					Social,
				);
				PRODUCT_NAME = "Rss Video Player";
				PROVISIONING_PROFILE = "3BFE574F-2522-470E-A6B5-5599415164B0";
				TARGETED_DEVICE_FAMILY = "1,2";
				WRAPPER_EXTENSION = app;
			};
			name = Debug;
		};
		DE22E7E3192F54180005E685 /* Release */ = {
			isa = XCBuildConfiguration;
			baseConfigurationReference = 69548C345766444AA82624A5 /* Pods.xcconfig */;
			buildSettings = {
				ARCHS = (
					armv7,
					armv64,
					armv7s,
				);
				ASSETCATALOG_COMPILER_APPICON_NAME = AppIcon;
				ASSETCATALOG_COMPILER_LAUNCHIMAGE_NAME = LaunchImage;
				CODE_SIGN_IDENTITY = "iPhone Distribution: Phi Long (Q6P4VX76SF)";
				"CODE_SIGN_IDENTITY[sdk=iphoneos*]" = "iPhone Distribution: Phi Long (Q6P4VX76SF)";
				FRAMEWORK_SEARCH_PATHS = (
					"$(PROJECT_DIR)/Libraries",
					"$(inherited)",
				);
				GCC_PRECOMPILE_PREFIX_HEADER = YES;
				GCC_PREFIX_HEADER = "MyRssReader/MyRssReader-Prefix.pch";
				INFOPLIST_FILE = "MyRssReader/MyRssReader-Info.plist";
				IPHONEOS_DEPLOYMENT_TARGET = 6.0;
				LIBRARY_SEARCH_PATHS = (
					"$(inherited)",
					"$(SDKROOT)/usr/lib/system",
					"$(PROJECT_DIR)/Libraries",
					"$(PROJECT_DIR)/Libraries/GoogleAnalytic",
				);
				OTHER_LDFLAGS = (
					"-ObjC",
					"-lGoogleAdMobAds",
					"-framework",
					AVFoundation,
					"-framework",
					AdSupport,
					"-framework",
					AudioToolbox,
					"-framework",
					CoreData,
					"-framework",
					CoreGraphics,
					"-framework",
					CoreLocation,
					"-framework",
					CoreTelephony,
					"-framework",
					MediaPlayer,
					"-framework",
					MessageUI,
					"-framework",
					MobileCoreServices,
					"-framework",
					QuartzCore,
					"-framework",
					Security,
					"-framework",
					StoreKit,
					"-framework",
					SystemConfiguration,
					"-weak_framework",
					Accounts,
					"-weak_framework",
					Security,
					"-weak_framework",
					Social,
				);
				PRODUCT_NAME = "Rss Video Player";
				PROVISIONING_PROFILE = "EC772E5F-E488-43F0-80D4-9B196CCA935A";
				TARGETED_DEVICE_FAMILY = "1,2";
				WRAPPER_EXTENSION = app;
			};
			name = Release;
		};
		DE22E7E5192F54180005E685 /* Debug */ = {
			isa = XCBuildConfiguration;
			buildSettings = {
				BUNDLE_LOADER = "$(BUILT_PRODUCTS_DIR)/MyRssReader.app/MyRssReader";
				FRAMEWORK_SEARCH_PATHS = (
					"$(SDKROOT)/Developer/Library/Frameworks",
					"$(inherited)",
					"$(DEVELOPER_FRAMEWORKS_DIR)",
					/Users/huyns/myrssreader/Libraries,
				);
				GCC_PRECOMPILE_PREFIX_HEADER = YES;
				GCC_PREFIX_HEADER = "MyRssReader/MyRssReader-Prefix.pch";
				GCC_PREPROCESSOR_DEFINITIONS = (
					"DEBUG=1",
					"$(inherited)",
				);
				INFOPLIST_FILE = "MyRssReaderTests/MyRssReaderTests-Info.plist";
				PRODUCT_NAME = "$(TARGET_NAME)";
				TEST_HOST = "$(BUNDLE_LOADER)";
				WRAPPER_EXTENSION = xctest;
			};
			name = Debug;
		};
		DE22E7E6192F54180005E685 /* Release */ = {
			isa = XCBuildConfiguration;
			buildSettings = {
				BUNDLE_LOADER = "$(BUILT_PRODUCTS_DIR)/MyRssReader.app/MyRssReader";
				FRAMEWORK_SEARCH_PATHS = (
					"$(SDKROOT)/Developer/Library/Frameworks",
					"$(inherited)",
					"$(DEVELOPER_FRAMEWORKS_DIR)",
					/Users/huyns/myrssreader/Libraries,
				);
				GCC_PRECOMPILE_PREFIX_HEADER = YES;
				GCC_PREFIX_HEADER = "MyRssReader/MyRssReader-Prefix.pch";
				INFOPLIST_FILE = "MyRssReaderTests/MyRssReaderTests-Info.plist";
				PRODUCT_NAME = "$(TARGET_NAME)";
				TEST_HOST = "$(BUNDLE_LOADER)";
				WRAPPER_EXTENSION = xctest;
			};
			name = Release;
		};
/* End XCBuildConfiguration section */

/* Begin XCConfigurationList section */
		DE22E7B0192F54180005E685 /* Build configuration list for PBXProject "MyRssReader" */ = {
			isa = XCConfigurationList;
			buildConfigurations = (
				DE22E7DF192F54180005E685 /* Debug */,
				DE22E7E0192F54180005E685 /* Release */,
			);
			defaultConfigurationIsVisible = 0;
			defaultConfigurationName = Release;
		};
		DE22E7E1192F54180005E685 /* Build configuration list for PBXNativeTarget "MyRssReader" */ = {
			isa = XCConfigurationList;
			buildConfigurations = (
				DE22E7E2192F54180005E685 /* Debug */,
				DE22E7E3192F54180005E685 /* Release */,
			);
			defaultConfigurationIsVisible = 0;
			defaultConfigurationName = Release;
		};
		DE22E7E4192F54180005E685 /* Build configuration list for PBXNativeTarget "MyRssReaderTests" */ = {
			isa = XCConfigurationList;
			buildConfigurations = (
				DE22E7E5192F54180005E685 /* Debug */,
				DE22E7E6192F54180005E685 /* Release */,
			);
			defaultConfigurationIsVisible = 0;
			defaultConfigurationName = Release;
		};
/* End XCConfigurationList section */

/* Begin XCVersionGroup section */
		DEB5F0DF1932FB11008922E5 /* Model.xcdatamodeld */ = {
			isa = XCVersionGroup;
			children = (
				DEB5F0E01932FB11008922E5 /* Model.xcdatamodel */,
			);
			currentVersion = DEB5F0E01932FB11008922E5 /* Model.xcdatamodel */;
			path = Model.xcdatamodeld;
			sourceTree = "<group>";
			versionGroupType = wrapper.xcdatamodel;
		};
/* End XCVersionGroup section */
	};
	rootObject = DE22E7AD192F54180005E685 /* Project object */;
}
